
Microsoft Visual Studio Solution File, Format Version 12.00
# Visual Studio Version 16
VisualStudioVersion = 16.0.31729.503
MinimumVisualStudioVersion = 10.0.40219.1
Project("{FAE04EC0-301F-11D3-BF4B-00C04F79EFBC}") = "SoapServiceExample", "SoapServiceExample\SoapServiceExample.csproj", "{3C31C032-C178-45F0-B16C-A887B8B35B02}"
EndProject
Project("{FAE04EC0-301F-11D3-BF4B-00C04F79EFBC}") = "WCFSoapClientConsoleApp", "WCFSoapClientConsoleApp\WCFSoapClientConsoleApp.csproj", "{2C567C04-D505-4F6D-85C2-735EB251A59E}"
EndProject
Global
	GlobalSection(SolutionConfigurationPlatforms) = preSolution
		Debug|Any CPU = Debug|Any CPU
		Release|Any CPU = Release|Any CPU
	EndGlobalSection
	GlobalSection(ProjectConfigurationPlatforms) = postSolution
		{3C31C032-C178-45F0-B16C-A887B8B35B02}.Debug|Any CPU.ActiveCfg = Debug|Any CPU
		{3C31C032-C178-45F0-B16C-A887B8B35B02}.Debug|Any CPU.Build.0 = Debug|Any CPU
		{3C31C032-C178-45F0-B16C-A887B8B35B02}.Release|Any CPU.ActiveCfg = Release|Any CPU
		{3C31C032-C178-45F0-B16C-A887B8B35B02}.Release|Any CPU.Build.0 = Release|Any CPU
		{2C567C04-D505-4F6D-85C2-735EB251A59E}.Debug|Any CPU.ActiveCfg = Debug|Any CPU
		{2C567C04-D505-4F6D-85C2-735EB251A59E}.Debug|Any CPU.Build.0 = Debug|Any CPU
		{2C567C04-D505-4F6D-85C2-735EB251A59E}.Release|Any CPU.ActiveCfg = Release|Any CPU
		{2C567C04-D505-4F6D-85C2-735EB251A59E}.Release|Any CPU.Build.0 = Release|Any CPU
	EndGlobalSection
	GlobalSection(SolutionProperties) = preSolution
		HideSolutionNode = FALSE
	EndGlobalSection
	GlobalSection(ExtensibilityGlobals) = postSolution
		SolutionGuid = {D008B1A5-711D-48A5-8990-C368A5FD9206}
	EndGlobalSection
EndGlobal
